
Microsoft Visual Studio Solution File, Format Version 12.00
# Visual Studio 15
VisualStudioVersion = 15.0.27130.2027
MinimumVisualStudioVersion = 10.0.40219.1
Project("{9A19103F-16F7-4668-BE54-9A1E7A4F7556}") = "Tests", "Tests\Tests.csproj", "{862FC2EE-7657-40A1-AD7E-2D4E9FC09A3B}"
EndProject
Project("{9A19103F-16F7-4668-BE54-9A1E7A4F7556}") = "Parsers", "Parsers\Parsers.csproj", "{7689AAA5-028E-44FD-9FD0-2BE64FE18288}"
EndProject
Project("{9A19103F-16F7-4668-BE54-9A1E7A4F7556}") = "PocketSharpNetStandard", "PocketSharp\PocketSharpNetStandard\PocketSharpNetStandard.csproj", "{4065D7A3-5A78-4BC3-9B59-BE76A7912C4D}"
EndProject
Project("{9A19103F-16F7-4668-BE54-9A1E7A4F7556}") = "Core", "Core\Core.csproj", "{7F4D52C3-7AF6-4B0A-86EC-37ECF442DD2E}"
EndProject
Project("{9A19103F-16F7-4668-BE54-9A1E7A4F7556}") = "Function", "Function\Function.csproj", "{DD5FCC95-1285-4E46-92C3-AF28D6DBA414}"
EndProject
Project("{FAE04EC0-301F-11D3-BF4B-00C04F79EFBC}") = "RegisterCLI", "RegisterCLI\RegisterCLI.csproj", "{034B436C-6A41-4621-A742-67BA9CB9086B}"
EndProject
Global
	GlobalSection(SolutionConfigurationPlatforms) = preSolution
		Debug|Any CPU = Debug|Any CPU
		Release|Any CPU = Release|Any CPU
	EndGlobalSection
	GlobalSection(ProjectConfigurationPlatforms) = postSolution
		{862FC2EE-7657-40A1-AD7E-2D4E9FC09A3B}.Debug|Any CPU.ActiveCfg = Debug|Any CPU
		{862FC2EE-7657-40A1-AD7E-2D4E9FC09A3B}.Debug|Any CPU.Build.0 = Debug|Any CPU
		{862FC2EE-7657-40A1-AD7E-2D4E9FC09A3B}.Release|Any CPU.ActiveCfg = Release|Any CPU
		{862FC2EE-7657-40A1-AD7E-2D4E9FC09A3B}.Release|Any CPU.Build.0 = Release|Any CPU
		{7689AAA5-028E-44FD-9FD0-2BE64FE18288}.Debug|Any CPU.ActiveCfg = Debug|Any CPU
		{7689AAA5-028E-44FD-9FD0-2BE64FE18288}.Debug|Any CPU.Build.0 = Debug|Any CPU
		{7689AAA5-028E-44FD-9FD0-2BE64FE18288}.Release|Any CPU.ActiveCfg = Release|Any CPU
		{7689AAA5-028E-44FD-9FD0-2BE64FE18288}.Release|Any CPU.Build.0 = Release|Any CPU
		{4065D7A3-5A78-4BC3-9B59-BE76A7912C4D}.Debug|Any CPU.ActiveCfg = Debug|Any CPU
		{4065D7A3-5A78-4BC3-9B59-BE76A7912C4D}.Debug|Any CPU.Build.0 = Debug|Any CPU
		{4065D7A3-5A78-4BC3-9B59-BE76A7912C4D}.Release|Any CPU.ActiveCfg = Release|Any CPU
		{4065D7A3-5A78-4BC3-9B59-BE76A7912C4D}.Release|Any CPU.Build.0 = Release|Any CPU
		{7F4D52C3-7AF6-4B0A-86EC-37ECF442DD2E}.Debug|Any CPU.ActiveCfg = Debug|Any CPU
		{7F4D52C3-7AF6-4B0A-86EC-37ECF442DD2E}.Debug|Any CPU.Build.0 = Debug|Any CPU
		{7F4D52C3-7AF6-4B0A-86EC-37ECF442DD2E}.Release|Any CPU.ActiveCfg = Release|Any CPU
		{7F4D52C3-7AF6-4B0A-86EC-37ECF442DD2E}.Release|Any CPU.Build.0 = Release|Any CPU
		{DD5FCC95-1285-4E46-92C3-AF28D6DBA414}.Debug|Any CPU.ActiveCfg = Debug|Any CPU
		{DD5FCC95-1285-4E46-92C3-AF28D6DBA414}.Debug|Any CPU.Build.0 = Debug|Any CPU
		{DD5FCC95-1285-4E46-92C3-AF28D6DBA414}.Release|Any CPU.ActiveCfg = Release|Any CPU
		{DD5FCC95-1285-4E46-92C3-AF28D6DBA414}.Release|Any CPU.Build.0 = Release|Any CPU
		{034B436C-6A41-4621-A742-67BA9CB9086B}.Debug|Any CPU.ActiveCfg = Debug|Any CPU
		{034B436C-6A41-4621-A742-67BA9CB9086B}.Debug|Any CPU.Build.0 = Debug|Any CPU
		{034B436C-6A41-4621-A742-67BA9CB9086B}.Release|Any CPU.ActiveCfg = Release|Any CPU
		{034B436C-6A41-4621-A742-67BA9CB9086B}.Release|Any CPU.Build.0 = Release|Any CPU
	EndGlobalSection
	GlobalSection(SolutionProperties) = preSolution
		HideSolutionNode = FALSE
	EndGlobalSection
	GlobalSection(ExtensibilityGlobals) = postSolution
		SolutionGuid = {5A4A6D86-A712-48F3-955E-7A8475762AC8}
	EndGlobalSection
EndGlobal
